
Microsoft Visual Studio Solution File, Format Version 12.00
# Visual Studio 2015
Project("{FAE04EC0-301F-11D3-BF4B-00C04F79EFBC}") = "Interfaces inteligentes final project.CSharp", "Interfaces inteligentes final project.CSharp.csproj", "{5EDD1236-4E50-2921-02EB-F2D2AE730E0B}"
EndProject
Project("{FAE04EC0-301F-11D3-BF4B-00C04F79EFBC}") = "Interfaces inteligentes final project.CSharp.Editor", "Interfaces inteligentes final project.CSharp.Editor.csproj", "{5848F902-EEF7-1208-5C80-F36E3B187263}"
EndProject
Global
	GlobalSection(SolutionConfigurationPlatforms) = preSolution
		Debug|Any CPU = Debug|Any CPU
		Release|Any CPU = Release|Any CPU
	EndGlobalSection
	GlobalSection(ProjectConfigurationPlatforms) = postSolution
		{5EDD1236-4E50-2921-02EB-F2D2AE730E0B}.Debug|Any CPU.ActiveCfg = Debug|Any CPU
		{5EDD1236-4E50-2921-02EB-F2D2AE730E0B}.Debug|Any CPU.Build.0 = Debug|Any CPU
		{5EDD1236-4E50-2921-02EB-F2D2AE730E0B}.Release|Any CPU.ActiveCfg = Release|Any CPU
		{5EDD1236-4E50-2921-02EB-F2D2AE730E0B}.Release|Any CPU.Build.0 = Release|Any CPU
		{5848F902-EEF7-1208-5C80-F36E3B187263}.Debug|Any CPU.ActiveCfg = Debug|Any CPU
		{5848F902-EEF7-1208-5C80-F36E3B187263}.Debug|Any CPU.Build.0 = Debug|Any CPU
		{5848F902-EEF7-1208-5C80-F36E3B187263}.Release|Any CPU.ActiveCfg = Release|Any CPU
		{5848F902-EEF7-1208-5C80-F36E3B187263}.Release|Any CPU.Build.0 = Release|Any CPU
	EndGlobalSection
	GlobalSection(SolutionProperties) = preSolution
		HideSolutionNode = FALSE
	EndGlobalSection
EndGlobal
