
Microsoft Visual Studio Solution File, Format Version 12.00
# Visual Studio 2015
Project("{FAE04EC0-301F-11D3-BF4B-00C04F79EFBC}") = "Medieval VR.CSharp.Plugins", "Medieval VR.CSharp.Plugins.csproj", "{A1B5E1E4-D312-F507-D2E8-A6CBD6BD0265}"
EndProject
Project("{FAE04EC0-301F-11D3-BF4B-00C04F79EFBC}") = "Medieval VR.CSharp", "Medieval VR.CSharp.csproj", "{94555AFB-C95D-1FD1-D40C-723A5762E58D}"
EndProject
Project("{FAE04EC0-301F-11D3-BF4B-00C04F79EFBC}") = "Medieval VR.CSharp.Editor", "Medieval VR.CSharp.Editor.csproj", "{1DA2CEDC-5843-212D-69D8-926CB9619DA0}"
EndProject
Global
	GlobalSection(SolutionConfigurationPlatforms) = preSolution
		Debug|Any CPU = Debug|Any CPU
		Release|Any CPU = Release|Any CPU
	EndGlobalSection
	GlobalSection(ProjectConfigurationPlatforms) = postSolution
		{A1B5E1E4-D312-F507-D2E8-A6CBD6BD0265}.Debug|Any CPU.ActiveCfg = Debug|Any CPU
		{A1B5E1E4-D312-F507-D2E8-A6CBD6BD0265}.Debug|Any CPU.Build.0 = Debug|Any CPU
		{A1B5E1E4-D312-F507-D2E8-A6CBD6BD0265}.Release|Any CPU.ActiveCfg = Release|Any CPU
		{A1B5E1E4-D312-F507-D2E8-A6CBD6BD0265}.Release|Any CPU.Build.0 = Release|Any CPU
		{94555AFB-C95D-1FD1-D40C-723A5762E58D}.Debug|Any CPU.ActiveCfg = Debug|Any CPU
		{94555AFB-C95D-1FD1-D40C-723A5762E58D}.Debug|Any CPU.Build.0 = Debug|Any CPU
		{94555AFB-C95D-1FD1-D40C-723A5762E58D}.Release|Any CPU.ActiveCfg = Release|Any CPU
		{94555AFB-C95D-1FD1-D40C-723A5762E58D}.Release|Any CPU.Build.0 = Release|Any CPU
		{1DA2CEDC-5843-212D-69D8-926CB9619DA0}.Debug|Any CPU.ActiveCfg = Debug|Any CPU
		{1DA2CEDC-5843-212D-69D8-926CB9619DA0}.Debug|Any CPU.Build.0 = Debug|Any CPU
		{1DA2CEDC-5843-212D-69D8-926CB9619DA0}.Release|Any CPU.ActiveCfg = Release|Any CPU
		{1DA2CEDC-5843-212D-69D8-926CB9619DA0}.Release|Any CPU.Build.0 = Release|Any CPU
	EndGlobalSection
	GlobalSection(SolutionProperties) = preSolution
		HideSolutionNode = FALSE
	EndGlobalSection
EndGlobal
