Microsoft Visual Studio Solution File, Format Version 11.00
# Visual Studio 2008

Project("{55EE9902-CDBE-7A65-4E0F-96BF1D3E5692}") = "Virtual_Reality_Project", "Assembly-CSharp-firstpass.csproj", "{B86C74C8-F69C-F45C-5152-8F5EA06A2992}"
EndProject
Project("{55EE9902-CDBE-7A65-4E0F-96BF1D3E5692}") = "Virtual_Reality_Project", "Assembly-CSharp.csproj", "{7B8658A3-DDF8-77E9-FF37-29C99B6CA6A3}"
EndProject
Project("{55EE9902-CDBE-7A65-4E0F-96BF1D3E5692}") = "Virtual_Reality_Project", "Assembly-CSharp-Editor.csproj", "{4D221097-C18F-B3F8-AD62-2AE8C161F7F2}"
EndProject
Global
	GlobalSection(SolutionConfigurationPlatforms) = preSolution
		Debug|Any CPU = Debug|Any CPU
		Release|Any CPU = Release|Any CPU
	EndGlobalSection
	GlobalSection(ProjectConfigurationPlatforms) = postSolution
		{B86C74C8-F69C-F45C-5152-8F5EA06A2992}.Debug|Any CPU.ActiveCfg = Debug|Any CPU
		{B86C74C8-F69C-F45C-5152-8F5EA06A2992}.Debug|Any CPU.Build.0 = Debug|Any CPU
		{B86C74C8-F69C-F45C-5152-8F5EA06A2992}.Release|Any CPU.ActiveCfg = Release|Any CPU
		{B86C74C8-F69C-F45C-5152-8F5EA06A2992}.Release|Any CPU.Build.0 = Release|Any CPU
		{7B8658A3-DDF8-77E9-FF37-29C99B6CA6A3}.Debug|Any CPU.ActiveCfg = Debug|Any CPU
		{7B8658A3-DDF8-77E9-FF37-29C99B6CA6A3}.Debug|Any CPU.Build.0 = Debug|Any CPU
		{7B8658A3-DDF8-77E9-FF37-29C99B6CA6A3}.Release|Any CPU.ActiveCfg = Release|Any CPU
		{7B8658A3-DDF8-77E9-FF37-29C99B6CA6A3}.Release|Any CPU.Build.0 = Release|Any CPU
		{4D221097-C18F-B3F8-AD62-2AE8C161F7F2}.Debug|Any CPU.ActiveCfg = Debug|Any CPU
		{4D221097-C18F-B3F8-AD62-2AE8C161F7F2}.Debug|Any CPU.Build.0 = Debug|Any CPU
		{4D221097-C18F-B3F8-AD62-2AE8C161F7F2}.Release|Any CPU.ActiveCfg = Release|Any CPU
		{4D221097-C18F-B3F8-AD62-2AE8C161F7F2}.Release|Any CPU.Build.0 = Release|Any CPU
	EndGlobalSection
	GlobalSection(SolutionProperties) = preSolution
		HideSolutionNode = FALSE
	EndGlobalSection
	GlobalSection(MonoDevelopProperties) = preSolution
		StartupItem = Assembly-CSharp.csproj
	EndGlobalSection
EndGlobal
